
Microsoft Visual Studio Solution File, Format Version 12.00
# Visual Studio Version 17
VisualStudioVersion = 17.9.34616.47
MinimumVisualStudioVersion = 10.0.40219.1
Project("{9A19103F-16F7-4668-BE54-9A1E7A4F7556}") = "TestProject1", "TestProject1\TestProject1.csproj", "{C96DBEE9-A2B5-4177-91FF-79D2AAA56D22}"
	ProjectSection(ProjectDependencies) = postProject
		{846410BE-9C32-47EF-9498-4B3D6395D9A3} = {846410BE-9C32-47EF-9498-4B3D6395D9A3}
	EndProjectSection
EndProject
Project("{9A19103F-16F7-4668-BE54-9A1E7A4F7556}") = "Task 1", "Task 1\Task 1.csproj", "{846410BE-9C32-47EF-9498-4B3D6395D9A3}"
EndProject
Project("{9A19103F-16F7-4668-BE54-9A1E7A4F7556}") = "Task 2", "Task 2\Task 2.csproj", "{14BA0611-E579-4D8D-9F76-927CEE967943}"
EndProject
Project("{9A19103F-16F7-4668-BE54-9A1E7A4F7556}") = "Task 3", "Task 3\Task 3.csproj", "{8CA33D98-0B1F-439F-A272-65B7AAA15677}"
EndProject
Global
	GlobalSection(SolutionConfigurationPlatforms) = preSolution
		Debug|Any CPU = Debug|Any CPU
		Release|Any CPU = Release|Any CPU
	EndGlobalSection
	GlobalSection(ProjectConfigurationPlatforms) = postSolution
		{C96DBEE9-A2B5-4177-91FF-79D2AAA56D22}.Debug|Any CPU.ActiveCfg = Debug|Any CPU
		{C96DBEE9-A2B5-4177-91FF-79D2AAA56D22}.Debug|Any CPU.Build.0 = Debug|Any CPU
		{C96DBEE9-A2B5-4177-91FF-79D2AAA56D22}.Release|Any CPU.ActiveCfg = Release|Any CPU
		{C96DBEE9-A2B5-4177-91FF-79D2AAA56D22}.Release|Any CPU.Build.0 = Release|Any CPU
		{846410BE-9C32-47EF-9498-4B3D6395D9A3}.Debug|Any CPU.ActiveCfg = Debug|Any CPU
		{846410BE-9C32-47EF-9498-4B3D6395D9A3}.Debug|Any CPU.Build.0 = Debug|Any CPU
		{846410BE-9C32-47EF-9498-4B3D6395D9A3}.Release|Any CPU.ActiveCfg = Release|Any CPU
		{846410BE-9C32-47EF-9498-4B3D6395D9A3}.Release|Any CPU.Build.0 = Release|Any CPU
		{14BA0611-E579-4D8D-9F76-927CEE967943}.Debug|Any CPU.ActiveCfg = Debug|Any CPU
		{14BA0611-E579-4D8D-9F76-927CEE967943}.Debug|Any CPU.Build.0 = Debug|Any CPU
		{14BA0611-E579-4D8D-9F76-927CEE967943}.Release|Any CPU.ActiveCfg = Release|Any CPU
		{14BA0611-E579-4D8D-9F76-927CEE967943}.Release|Any CPU.Build.0 = Release|Any CPU
		{8CA33D98-0B1F-439F-A272-65B7AAA15677}.Debug|Any CPU.ActiveCfg = Debug|Any CPU
		{8CA33D98-0B1F-439F-A272-65B7AAA15677}.Debug|Any CPU.Build.0 = Debug|Any CPU
		{8CA33D98-0B1F-439F-A272-65B7AAA15677}.Release|Any CPU.ActiveCfg = Release|Any CPU
		{8CA33D98-0B1F-439F-A272-65B7AAA15677}.Release|Any CPU.Build.0 = Release|Any CPU
	EndGlobalSection
	GlobalSection(SolutionProperties) = preSolution
		HideSolutionNode = FALSE
	EndGlobalSection
	GlobalSection(ExtensibilityGlobals) = postSolution
		SolutionGuid = {0E2F3C5D-C3DA-498F-957B-4DE18E6EE5F5}
	EndGlobalSection
EndGlobal
